
Microsoft Visual Studio Solution File, Format Version 12.00
# Visual Studio Version 16
VisualStudioVersion = 16.0.30523.141
MinimumVisualStudioVersion = 10.0.40219.1
Project("{8BC9CEB8-8B4A-11D0-8D11-00A0C91BC942}") = "Lab5.1B(OOP)", "Lab5.1B(OOP).vcxproj", "{CED3F6C6-E088-4E2E-963F-736C8F2A5B52}"
EndProject
Project("{8BC9CEB8-8B4A-11D0-8D11-00A0C91BC942}") = "UnitTest1", "UnitTest1\UnitTest1.vcxproj", "{B7B3994C-D905-408F-9B4B-09A4A0851679}"
EndProject
Global
	GlobalSection(SolutionConfigurationPlatforms) = preSolution
		Debug|x64 = Debug|x64
		Debug|x86 = Debug|x86
		Release|x64 = Release|x64
		Release|x86 = Release|x86
	EndGlobalSection
	GlobalSection(ProjectConfigurationPlatforms) = postSolution
		{CED3F6C6-E088-4E2E-963F-736C8F2A5B52}.Debug|x64.ActiveCfg = Debug|x64
		{CED3F6C6-E088-4E2E-963F-736C8F2A5B52}.Debug|x64.Build.0 = Debug|x64
		{CED3F6C6-E088-4E2E-963F-736C8F2A5B52}.Debug|x86.ActiveCfg = Debug|Win32
		{CED3F6C6-E088-4E2E-963F-736C8F2A5B52}.Debug|x86.Build.0 = Debug|Win32
		{CED3F6C6-E088-4E2E-963F-736C8F2A5B52}.Release|x64.ActiveCfg = Release|x64
		{CED3F6C6-E088-4E2E-963F-736C8F2A5B52}.Release|x64.Build.0 = Release|x64
		{CED3F6C6-E088-4E2E-963F-736C8F2A5B52}.Release|x86.ActiveCfg = Release|Win32
		{CED3F6C6-E088-4E2E-963F-736C8F2A5B52}.Release|x86.Build.0 = Release|Win32
		{B7B3994C-D905-408F-9B4B-09A4A0851679}.Debug|x64.ActiveCfg = Debug|x64
		{B7B3994C-D905-408F-9B4B-09A4A0851679}.Debug|x64.Build.0 = Debug|x64
		{B7B3994C-D905-408F-9B4B-09A4A0851679}.Debug|x86.ActiveCfg = Debug|Win32
		{B7B3994C-D905-408F-9B4B-09A4A0851679}.Debug|x86.Build.0 = Debug|Win32
		{B7B3994C-D905-408F-9B4B-09A4A0851679}.Release|x64.ActiveCfg = Release|x64
		{B7B3994C-D905-408F-9B4B-09A4A0851679}.Release|x64.Build.0 = Release|x64
		{B7B3994C-D905-408F-9B4B-09A4A0851679}.Release|x86.ActiveCfg = Release|Win32
		{B7B3994C-D905-408F-9B4B-09A4A0851679}.Release|x86.Build.0 = Release|Win32
	EndGlobalSection
	GlobalSection(SolutionProperties) = preSolution
		HideSolutionNode = FALSE
	EndGlobalSection
	GlobalSection(ExtensibilityGlobals) = postSolution
		SolutionGuid = {61820CC9-8600-434C-9742-22888DC827FF}
	EndGlobalSection
EndGlobal
